{
  "lockfileVersion": 1,
  "dependencies": {
    "shallow-diff": {
      "version": "0.0.5",
      "resolved": "https://registry.npmjs.org/shallow-diff/-/shallow-diff-0.0.5.tgz",
      "integrity": "sha1-S8t2jWZm3zBZziJEpvtwvaKgIrI="
    },
    "simple-loop": {
      "version": "0.0.4",
      "resolved": "https://registry.npmjs.org/simple-loop/-/simple-loop-0.0.4.tgz",
      "integrity": "sha1-W0FQ3gmjFkGyQ5+ozSlzXeI2r5g="
    }
  }
}
